
Microsoft Visual Studio Solution File, Format Version 12.00
# Visual Studio Version 17
VisualStudioVersion = 17.0.31903.59
MinimumVisualStudioVersion = 10.0.40219.1
Project("{FAE04EC0-301F-11D3-BF4B-00C04F79EFBC}") = "VehicleMonitoring.API", "VehicleMonitoring.API\VehicleMonitoring.API.csproj", "{98C42FE5-1D79-408B-8103-5CD9D397BA22}"
EndProject
Project("{FAE04EC0-301F-11D3-BF4B-00C04F79EFBC}") = "VehicleMonitoring.Tests", "VehicleMonitoring.Tests\VehicleMonitoring.Tests.csproj", "{A74A98EB-9EFC-4B01-8FDF-436AA5F0FE38}"
EndProject
Project("{FAE04EC0-301F-11D3-BF4B-00C04F79EFBC}") = "VehicleMonitoring.DataStore", "VehicleMonitoring.DataStore\VehicleMonitoring.DataStore.csproj", "{C4BC390B-4A72-4F0F-B208-B38D29D31F79}"
EndProject
Project("{FAE04EC0-301F-11D3-BF4B-00C04F79EFBC}") = "VehicleMonitoring.API.Tests", "VehicleMonitoring.API.Tests\VehicleMonitoring.API.Tests.csproj", "{4FE2656A-50E3-4E40-97D5-CEFC1491B0BC}"
EndProject
Global
	GlobalSection(SolutionConfigurationPlatforms) = preSolution
		Debug|Any CPU = Debug|Any CPU
		Release|Any CPU = Release|Any CPU
	EndGlobalSection
	GlobalSection(ProjectConfigurationPlatforms) = postSolution
		{98C42FE5-1D79-408B-8103-5CD9D397BA22}.Debug|Any CPU.ActiveCfg = Debug|Any CPU
		{98C42FE5-1D79-408B-8103-5CD9D397BA22}.Debug|Any CPU.Build.0 = Debug|Any CPU
		{98C42FE5-1D79-408B-8103-5CD9D397BA22}.Release|Any CPU.ActiveCfg = Release|Any CPU
		{98C42FE5-1D79-408B-8103-5CD9D397BA22}.Release|Any CPU.Build.0 = Release|Any CPU
		{A74A98EB-9EFC-4B01-8FDF-436AA5F0FE38}.Debug|Any CPU.ActiveCfg = Debug|Any CPU
		{A74A98EB-9EFC-4B01-8FDF-436AA5F0FE38}.Debug|Any CPU.Build.0 = Debug|Any CPU
		{A74A98EB-9EFC-4B01-8FDF-436AA5F0FE38}.Release|Any CPU.ActiveCfg = Release|Any CPU
		{A74A98EB-9EFC-4B01-8FDF-436AA5F0FE38}.Release|Any CPU.Build.0 = Release|Any CPU
		{C4BC390B-4A72-4F0F-B208-B38D29D31F79}.Debug|Any CPU.ActiveCfg = Debug|Any CPU
		{C4BC390B-4A72-4F0F-B208-B38D29D31F79}.Debug|Any CPU.Build.0 = Debug|Any CPU
		{C4BC390B-4A72-4F0F-B208-B38D29D31F79}.Release|Any CPU.ActiveCfg = Release|Any CPU
		{C4BC390B-4A72-4F0F-B208-B38D29D31F79}.Release|Any CPU.Build.0 = Release|Any CPU
		{4FE2656A-50E3-4E40-97D5-CEFC1491B0BC}.Debug|Any CPU.ActiveCfg = Debug|Any CPU
		{4FE2656A-50E3-4E40-97D5-CEFC1491B0BC}.Debug|Any CPU.Build.0 = Debug|Any CPU
		{4FE2656A-50E3-4E40-97D5-CEFC1491B0BC}.Release|Any CPU.ActiveCfg = Release|Any CPU
		{4FE2656A-50E3-4E40-97D5-CEFC1491B0BC}.Release|Any CPU.Build.0 = Release|Any CPU
	EndGlobalSection
	GlobalSection(SolutionProperties) = preSolution
		HideSolutionNode = FALSE
	EndGlobalSection
EndGlobal
